{
  "nodes": {
    "cl-codec-kit": {
      "flake": false,
      "locked": {
        "lastModified": 1785657119,
        "narHash": "sha256-73/PTRu9neWZNGC3L6bL7ltWt0CtORHNDS4zzf4uH2U=",
        "owner": "nerima-lisp",
        "repo": "cl-codec-kit",
        "rev": "8570a6c16dcc0bc0f4774749a0f9f1d0520696c2",
        "type": "github"
      },
      "original": {
        "owner": "nerima-lisp",
        "ref": "v0.4.0",
        "repo": "cl-codec-kit",
        "type": "github"
      }
    },
    "cl-concurrent-kit": {
      "flake": false,
      "locked": {
        "lastModified": 1785673216,
        "narHash": "sha256-uOjDTOTCs6LtdkEoyV5rNkR5SYtWxGjPehXOyBSJd7k=",
        "owner": "nerima-lisp",
        "repo": "cl-concurrent-kit",
        "rev": "2dc7bdcdb8c342e104fda63ab027f5331b02bbee",
        "type": "github"
      },
      "original": {
        "owner": "nerima-lisp",
        "ref": "v0.5.0",
        "repo": "cl-concurrent-kit",
        "type": "github"
      }
    },
    "cl-nix-forge": {
      "inputs": {
        "nixpkgs": [
          "nixpkgs"
        ],
        "treefmt-nix": [
          "treefmt-nix"
        ]
      },
      "locked": {
        "lastModified": 1785347314,
        "narHash": "sha256-eSnOllc5L+DuP5TrPGPQUzMzfN8HA88x326EzZvo7V4=",
        "owner": "nerima-lisp",
        "repo": "cl-nix-forge",
        "rev": "53f26644d8cc40f5e677cedb00dd10ca5726d25a",
        "type": "github"
      },
      "original": {
        "owner": "nerima-lisp",
        "ref": "v0.4.0",
        "repo": "cl-nix-forge",
        "type": "github"
      }
    },
    "cl-nix-forge_2": {
      "inputs": {
        "nixpkgs": [
          "cl-parser-kit",
          "nixpkgs"
        ],
        "treefmt-nix": "treefmt-nix"
      },
      "locked": {
        "lastModified": 1785347314,
        "narHash": "sha256-eSnOllc5L+DuP5TrPGPQUzMzfN8HA88x326EzZvo7V4=",
        "owner": "nerima-lisp",
        "repo": "cl-nix-forge",
        "rev": "53f26644d8cc40f5e677cedb00dd10ca5726d25a",
        "type": "github"
      },
      "original": {
        "owner": "nerima-lisp",
        "ref": "v0.4.0",
        "repo": "cl-nix-forge",
        "type": "github"
      }
    },
    "cl-nix-forge_3": {
      "inputs": {
        "nixpkgs": [
          "cl-prolog",
          "nixpkgs"
        ],
        "treefmt-nix": "treefmt-nix_3"
      },
      "locked": {
        "lastModified": 1785347314,
        "narHash": "sha256-eSnOllc5L+DuP5TrPGPQUzMzfN8HA88x326EzZvo7V4=",
        "owner": "nerima-lisp",
        "repo": "cl-nix-forge",
        "rev": "53f26644d8cc40f5e677cedb00dd10ca5726d25a",
        "type": "github"
      },
      "original": {
        "owner": "nerima-lisp",
        "ref": "v0.4.0",
        "repo": "cl-nix-forge",
        "type": "github"
      }
    },
    "cl-nix-forge_4": {
      "inputs": {
        "nixpkgs": [
          "cl-weave",
          "nixpkgs"
        ],
        "treefmt-nix": "treefmt-nix_5"
      },
      "locked": {
        "lastModified": 1785347314,
        "narHash": "sha256-eSnOllc5L+DuP5TrPGPQUzMzfN8HA88x326EzZvo7V4=",
        "owner": "nerima-lisp",
        "repo": "cl-nix-forge",
        "rev": "53f26644d8cc40f5e677cedb00dd10ca5726d25a",
        "type": "github"
      },
      "original": {
        "owner": "nerima-lisp",
        "ref": "v0.4.0",
        "repo": "cl-nix-forge",
        "type": "github"
      }
    },
    "cl-parser-kit": {
      "inputs": {
        "cl-nix-forge": "cl-nix-forge_2",
        "cl-prolog": [
          "cl-prolog"
        ],
        "cl-weave": [
          "cl-weave"
        ],
        "nixpkgs": [
          "nixpkgs"
        ],
        "paredit-cli": [
          "paredit-cli"
        ],
        "treefmt-nix": "treefmt-nix_2"
      },
      "locked": {
        "lastModified": 1785656543,
        "narHash": "sha256-VhN+gWAo594jpg350TrBgp//bJQRDOtDNYIa1zB144U=",
        "owner": "nerima-lisp",
        "repo": "cl-parser-kit",
        "rev": "b887d3b053d24df4568fcff2f3e3ee47d839db22",
        "type": "github"
      },
      "original": {
        "owner": "nerima-lisp",
        "ref": "v1.0.3",
        "repo": "cl-parser-kit",
        "type": "github"
      }
    },
    "cl-prolog": {
      "inputs": {
        "cl-nix-forge": "cl-nix-forge_3",
        "cl-weave": [
          "cl-weave"
        ],
        "nixpkgs": [
          "nixpkgs"
        ],
        "paredit-cli": [
          "paredit-cli"
        ],
        "treefmt-nix": "treefmt-nix_4"
      },
      "locked": {
        "lastModified": 1785656951,
        "narHash": "sha256-szDf+Sg5RDex/VC/2h9tt9TQYyxwOgPjTR4PpKB9To8=",
        "owner": "nerima-lisp",
        "repo": "cl-prolog",
        "rev": "c78f2c34792d01b653721d6b12427f98ef4235d7",
        "type": "github"
      },
      "original": {
        "owner": "nerima-lisp",
        "ref": "v1.3.0",
        "repo": "cl-prolog",
        "type": "github"
      }
    },
    "cl-weave": {
      "inputs": {
        "cl-nix-forge": "cl-nix-forge_4",
        "nixpkgs": [
          "nixpkgs"
        ],
        "paredit-cli": [
          "paredit-cli"
        ],
        "treefmt-nix": "treefmt-nix_6"
      },
      "locked": {
        "lastModified": 1785662484,
        "narHash": "sha256-GFChZBI8RbOnov3WCTT2jw0H/kBqYK0ig6i7ltzjnyU=",
        "owner": "nerima-lisp",
        "repo": "cl-weave",
        "rev": "a8a094226480b92a3789e7e48a2af5faa2e36326",
        "type": "github"
      },
      "original": {
        "owner": "nerima-lisp",
        "ref": "v1.1.4",
        "repo": "cl-weave",
        "type": "github"
      }
    },
    "crane": {
      "locked": {
        "lastModified": 1784564969,
        "narHash": "sha256-TkTWNhJV/8Wk3czlbz4bwHZkFCaCHPsOy+oJe4PUiXg=",
        "owner": "ipetkov",
        "repo": "crane",
        "rev": "7930f6c291de6f83c257839d434592aa085f290a",
        "type": "github"
      },
      "original": {
        "owner": "ipetkov",
        "repo": "crane",
        "type": "github"
      }
    },
    "nixpkgs": {
      "locked": {
        "lastModified": 1785571196,
        "narHash": "sha256-KoTsyMQqnXQZq8deCEnu4QkyldkwH/bpMMhUcfMdGIw=",
        "owner": "NixOS",
        "repo": "nixpkgs",
        "rev": "148bab9c1c3c53136ecb44a6ea356a0ed5b39b06",
        "type": "github"
      },
      "original": {
        "owner": "NixOS",
        "ref": "nixos-unstable",
        "repo": "nixpkgs",
        "type": "github"
      }
    },
    "paredit-cli": {
      "inputs": {
        "crane": "crane",
        "nixpkgs": [
          "nixpkgs"
        ],
        "rust-overlay": "rust-overlay",
        "treefmt-nix": "treefmt-nix_7"
      },
      "locked": {
        "lastModified": 1785644478,
        "narHash": "sha256-kqu9BDf8JqVe+Qo08ahOOuqpbqSto5RlQRhHoKw40d8=",
        "owner": "nerima-lisp",
        "repo": "paredit-cli",
        "rev": "9f8db23ddd496ef6773e040454832eeafc60aeea",
        "type": "github"
      },
      "original": {
        "owner": "nerima-lisp",
        "ref": "v1.4.0",
        "repo": "paredit-cli",
        "type": "github"
      }
    },
    "root": {
      "inputs": {
        "cl-codec-kit": "cl-codec-kit",
        "cl-concurrent-kit": "cl-concurrent-kit",
        "cl-nix-forge": "cl-nix-forge",
        "cl-parser-kit": "cl-parser-kit",
        "cl-prolog": "cl-prolog",
        "cl-weave": "cl-weave",
        "nixpkgs": "nixpkgs",
        "paredit-cli": "paredit-cli",
        "treefmt-nix": "treefmt-nix_8"
      }
    },
    "rust-overlay": {
      "inputs": {
        "nixpkgs": [
          "paredit-cli",
          "nixpkgs"
        ]
      },
      "locked": {
        "lastModified": 1783663825,
        "narHash": "sha256-TTrNVoFdEw8j0Hn+shP1KAsimTmszTWBIIUliTaAuY0=",
        "owner": "oxalica",
        "repo": "rust-overlay",
        "rev": "072adf9b18936c1062c48123a9b77891d5968f2c",
        "type": "github"
      },
      "original": {
        "owner": "oxalica",
        "repo": "rust-overlay",
        "type": "github"
      }
    },
    "treefmt-nix": {
      "inputs": {
        "nixpkgs": [
          "cl-parser-kit",
          "cl-nix-forge",
          "nixpkgs"
        ]
      },
      "locked": {
        "lastModified": 1784369104,
        "narHash": "sha256-47cxbcZODibHv3rELFQ9vZly0vUNkND/atn/U7HLeb0=",
        "owner": "numtide",
        "repo": "treefmt-nix",
        "rev": "df3c0640565d04a0261253cdd89fce78ec50168a",
        "type": "github"
      },
      "original": {
        "owner": "numtide",
        "repo": "treefmt-nix",
        "type": "github"
      }
    },
    "treefmt-nix_2": {
      "inputs": {
        "nixpkgs": [
          "cl-parser-kit",
          "nixpkgs"
        ]
      },
      "locked": {
        "lastModified": 1784369104,
        "narHash": "sha256-47cxbcZODibHv3rELFQ9vZly0vUNkND/atn/U7HLeb0=",
        "owner": "numtide",
        "repo": "treefmt-nix",
        "rev": "df3c0640565d04a0261253cdd89fce78ec50168a",
        "type": "github"
      },
      "original": {
        "owner": "numtide",
        "repo": "treefmt-nix",
        "type": "github"
      }
    },
    "treefmt-nix_3": {
      "inputs": {
        "nixpkgs": [
          "cl-prolog",
          "cl-nix-forge",
          "nixpkgs"
        ]
      },
      "locked": {
        "lastModified": 1784369104,
        "narHash": "sha256-47cxbcZODibHv3rELFQ9vZly0vUNkND/atn/U7HLeb0=",
        "owner": "numtide",
        "repo": "treefmt-nix",
        "rev": "df3c0640565d04a0261253cdd89fce78ec50168a",
        "type": "github"
      },
      "original": {
        "owner": "numtide",
        "repo": "treefmt-nix",
        "type": "github"
      }
    },
    "treefmt-nix_4": {
      "inputs": {
        "nixpkgs": [
          "cl-prolog",
          "nixpkgs"
        ]
      },
      "locked": {
        "lastModified": 1784369104,
        "narHash": "sha256-47cxbcZODibHv3rELFQ9vZly0vUNkND/atn/U7HLeb0=",
        "owner": "numtide",
        "repo": "treefmt-nix",
        "rev": "df3c0640565d04a0261253cdd89fce78ec50168a",
        "type": "github"
      },
      "original": {
        "owner": "numtide",
        "repo": "treefmt-nix",
        "type": "github"
      }
    },
    "treefmt-nix_5": {
      "inputs": {
        "nixpkgs": [
          "cl-weave",
          "cl-nix-forge",
          "nixpkgs"
        ]
      },
      "locked": {
        "lastModified": 1784369104,
        "narHash": "sha256-47cxbcZODibHv3rELFQ9vZly0vUNkND/atn/U7HLeb0=",
        "owner": "numtide",
        "repo": "treefmt-nix",
        "rev": "df3c0640565d04a0261253cdd89fce78ec50168a",
        "type": "github"
      },
      "original": {
        "owner": "numtide",
        "repo": "treefmt-nix",
        "type": "github"
      }
    },
    "treefmt-nix_6": {
      "inputs": {
        "nixpkgs": [
          "cl-weave",
          "nixpkgs"
        ]
      },
      "locked": {
        "lastModified": 1784369104,
        "narHash": "sha256-47cxbcZODibHv3rELFQ9vZly0vUNkND/atn/U7HLeb0=",
        "owner": "numtide",
        "repo": "treefmt-nix",
        "rev": "df3c0640565d04a0261253cdd89fce78ec50168a",
        "type": "github"
      },
      "original": {
        "owner": "numtide",
        "repo": "treefmt-nix",
        "type": "github"
      }
    },
    "treefmt-nix_7": {
      "inputs": {
        "nixpkgs": [
          "paredit-cli",
          "nixpkgs"
        ]
      },
      "locked": {
        "lastModified": 1780220602,
        "narHash": "sha256-eynAfOmbmxJnkp7YewvCEbShNnnYJ9gLLqkzsYtBPeM=",
        "owner": "numtide",
        "repo": "treefmt-nix",
        "rev": "db947814a175b7ca6ded66e21383d938df01c227",
        "type": "github"
      },
      "original": {
        "owner": "numtide",
        "repo": "treefmt-nix",
        "type": "github"
      }
    },
    "treefmt-nix_8": {
      "inputs": {
        "nixpkgs": [
          "nixpkgs"
        ]
      },
      "locked": {
        "lastModified": 1785360170,
        "narHash": "sha256-XE1lKgQ3eIO3E7zWryqcRsax+mYXod/5RHBn4YaR9YE=",
        "owner": "numtide",
        "repo": "treefmt-nix",
        "rev": "d1187f8bc71fb8aab02395869ec3f5c1920f75c0",
        "type": "github"
      },
      "original": {
        "owner": "numtide",
        "repo": "treefmt-nix",
        "type": "github"
      }
    }
  },
  "root": "root",
  "version": 7
}
