{
  "nodes": {
    "cl-parser-kit": {
      "inputs": {
        "cl-prolog": [
          "cl-prolog"
        ],
        "cl-weave": [
          "cl-weave"
        ],
        "nixpkgs": [
          "nixpkgs"
        ],
        "paredit-cli": [
          "paredit-cli"
        ]
      },
      "locked": {
        "lastModified": 1784998474,
        "narHash": "sha256-rqY2m2oCJX2/wVRQ98pNYxH5+QUPfuDqEyiK89D+h+g=",
        "owner": "nerima-lisp",
        "repo": "cl-parser-kit",
        "rev": "8316a9c9a4d39bc95cd2a7d33738750a12314ccc",
        "type": "github"
      },
      "original": {
        "owner": "nerima-lisp",
        "ref": "v1.0.0",
        "repo": "cl-parser-kit",
        "type": "github"
      }
    },
    "cl-prolog": {
      "inputs": {
        "cl-weave": [
          "cl-weave"
        ],
        "nixpkgs": [
          "nixpkgs"
        ],
        "paredit-cli": [
          "paredit-cli"
        ]
      },
      "locked": {
        "lastModified": 1785003722,
        "narHash": "sha256-cL5wNd5TDZEIFxvhbBGTFYZOL+YB+boUBPK0yRV66r8=",
        "owner": "nerima-lisp",
        "repo": "cl-prolog",
        "rev": "a1352cee259b5476193255f21d8e56630f9893a9",
        "type": "github"
      },
      "original": {
        "owner": "nerima-lisp",
        "ref": "v1.0.1",
        "repo": "cl-prolog",
        "type": "github"
      }
    },
    "cl-weave": {
      "inputs": {
        "nixpkgs": [
          "nixpkgs"
        ],
        "paredit-cli": [
          "paredit-cli"
        ]
      },
      "locked": {
        "lastModified": 1784975289,
        "narHash": "sha256-Je74eEojj79RuBQpVF8vSygjlSEhjnmMq8abgyB4sGc=",
        "owner": "nerima-lisp",
        "repo": "cl-weave",
        "rev": "41020b897003fc1e3097cd62643f83ee8334c3be",
        "type": "github"
      },
      "original": {
        "owner": "nerima-lisp",
        "ref": "v1.0.0",
        "repo": "cl-weave",
        "type": "github"
      }
    },
    "nixpkgs": {
      "locked": {
        "lastModified": 1784796856,
        "narHash": "sha256-wWFrV5/Qbm+lyt5x20E/bSbfJiGKMo4RCxZV8cl/WZI=",
        "owner": "NixOS",
        "repo": "nixpkgs",
        "rev": "e2587caef70cea85dd97d7daab492899902dbf5d",
        "type": "github"
      },
      "original": {
        "owner": "NixOS",
        "ref": "nixos-unstable",
        "repo": "nixpkgs",
        "type": "github"
      }
    },
    "paredit-cli": {
      "inputs": {
        "nixpkgs": [
          "nixpkgs"
        ],
        "rust-overlay": "rust-overlay",
        "treefmt-nix": "treefmt-nix"
      },
      "locked": {
        "lastModified": 1785001695,
        "narHash": "sha256-g91GQXfIOORPOaJ2PSnbFsIC71B104JUKoXQSpJNTM0=",
        "owner": "nerima-lisp",
        "repo": "paredit-cli",
        "rev": "38aa7a840c9467f17b4d6759a9051d6b28a74a2c",
        "type": "github"
      },
      "original": {
        "owner": "nerima-lisp",
        "ref": "v1.0.0",
        "repo": "paredit-cli",
        "type": "github"
      }
    },
    "root": {
      "inputs": {
        "cl-parser-kit": "cl-parser-kit",
        "cl-prolog": "cl-prolog",
        "cl-weave": "cl-weave",
        "nixpkgs": "nixpkgs",
        "paredit-cli": "paredit-cli",
        "treefmt-nix": "treefmt-nix_2"
      }
    },
    "rust-overlay": {
      "inputs": {
        "nixpkgs": [
          "paredit-cli",
          "nixpkgs"
        ]
      },
      "locked": {
        "lastModified": 1783663825,
        "narHash": "sha256-TTrNVoFdEw8j0Hn+shP1KAsimTmszTWBIIUliTaAuY0=",
        "owner": "oxalica",
        "repo": "rust-overlay",
        "rev": "072adf9b18936c1062c48123a9b77891d5968f2c",
        "type": "github"
      },
      "original": {
        "owner": "oxalica",
        "repo": "rust-overlay",
        "type": "github"
      }
    },
    "treefmt-nix": {
      "inputs": {
        "nixpkgs": [
          "paredit-cli",
          "nixpkgs"
        ]
      },
      "locked": {
        "lastModified": 1780220602,
        "narHash": "sha256-eynAfOmbmxJnkp7YewvCEbShNnnYJ9gLLqkzsYtBPeM=",
        "owner": "numtide",
        "repo": "treefmt-nix",
        "rev": "db947814a175b7ca6ded66e21383d938df01c227",
        "type": "github"
      },
      "original": {
        "owner": "numtide",
        "repo": "treefmt-nix",
        "type": "github"
      }
    },
    "treefmt-nix_2": {
      "inputs": {
        "nixpkgs": [
          "nixpkgs"
        ]
      },
      "locked": {
        "lastModified": 1784369104,
        "narHash": "sha256-47cxbcZODibHv3rELFQ9vZly0vUNkND/atn/U7HLeb0=",
        "owner": "numtide",
        "repo": "treefmt-nix",
        "rev": "df3c0640565d04a0261253cdd89fce78ec50168a",
        "type": "github"
      },
      "original": {
        "owner": "numtide",
        "repo": "treefmt-nix",
        "type": "github"
      }
    }
  },
  "root": "root",
  "version": 7
}
